
Microsoft Visual Studio Solution File, Format Version 12.00
# Visual Studio Version 16
VisualStudioVersion = 16.0.30114.105
MinimumVisualStudioVersion = 10.0.40219.1
Project("{2150E333-8FDC-42A3-9474-1A3956D46DE8}") = "src", "src", "{E3454E68-6617-42D6-829E-EDDD34BF37D9}"
EndProject
Project("{FAE04EC0-301F-11D3-BF4B-00C04F79EFBC}") = "SquareNSum", "src\SquareNSum\SquareNSum.csproj", "{6A6FA4C8-BB3C-4BBB-99E3-3FA6814775A5}"
EndProject
Project("{2150E333-8FDC-42A3-9474-1A3956D46DE8}") = "tests", "tests", "{AE9CBC15-411A-42BE-B957-521C8E9BEBD5}"
EndProject
Project("{FAE04EC0-301F-11D3-BF4B-00C04F79EFBC}") = "SquareNSumTest", "tests\SquareNSumTest\SquareNSumTest.csproj", "{9CD0C3D9-0243-47A6-8BE7-CCECCE74F7BD}"
EndProject
Global
	GlobalSection(SolutionConfigurationPlatforms) = preSolution
		Debug|Any CPU = Debug|Any CPU
		Release|Any CPU = Release|Any CPU
	EndGlobalSection
	GlobalSection(SolutionProperties) = preSolution
		HideSolutionNode = FALSE
	EndGlobalSection
	GlobalSection(ProjectConfigurationPlatforms) = postSolution
		{6A6FA4C8-BB3C-4BBB-99E3-3FA6814775A5}.Debug|Any CPU.ActiveCfg = Debug|Any CPU
		{6A6FA4C8-BB3C-4BBB-99E3-3FA6814775A5}.Debug|Any CPU.Build.0 = Debug|Any CPU
		{6A6FA4C8-BB3C-4BBB-99E3-3FA6814775A5}.Release|Any CPU.ActiveCfg = Release|Any CPU
		{6A6FA4C8-BB3C-4BBB-99E3-3FA6814775A5}.Release|Any CPU.Build.0 = Release|Any CPU
		{9CD0C3D9-0243-47A6-8BE7-CCECCE74F7BD}.Debug|Any CPU.ActiveCfg = Debug|Any CPU
		{9CD0C3D9-0243-47A6-8BE7-CCECCE74F7BD}.Debug|Any CPU.Build.0 = Debug|Any CPU
		{9CD0C3D9-0243-47A6-8BE7-CCECCE74F7BD}.Release|Any CPU.ActiveCfg = Release|Any CPU
		{9CD0C3D9-0243-47A6-8BE7-CCECCE74F7BD}.Release|Any CPU.Build.0 = Release|Any CPU
	EndGlobalSection
	GlobalSection(NestedProjects) = preSolution
		{6A6FA4C8-BB3C-4BBB-99E3-3FA6814775A5} = {E3454E68-6617-42D6-829E-EDDD34BF37D9}
		{9CD0C3D9-0243-47A6-8BE7-CCECCE74F7BD} = {AE9CBC15-411A-42BE-B957-521C8E9BEBD5}
	EndGlobalSection
EndGlobal
