
Microsoft Visual Studio Solution File, Format Version 12.00
# Visual Studio Version 16
VisualStudioVersion = 16.0.30114.105
MinimumVisualStudioVersion = 10.0.40219.1
Project("{2150E333-8FDC-42A3-9474-1A3956D46DE8}") = "src", "src", "{4D4DD5D7-642F-45FC-B3F8-0B9514866972}"
EndProject
Project("{FAE04EC0-301F-11D3-BF4B-00C04F79EFBC}") = "SortingNumbers", "src\SortingNumbers\SortingNumbers.csproj", "{97C2E9EB-635A-4221-A831-B5BBEF134931}"
EndProject
Project("{2150E333-8FDC-42A3-9474-1A3956D46DE8}") = "tests", "tests", "{6B882D0B-44E8-40D8-B701-CB69D68F2C99}"
EndProject
Project("{FAE04EC0-301F-11D3-BF4B-00C04F79EFBC}") = "SortingNumbersTest", "tests\SortingNumbersTest\SortingNumbersTest.csproj", "{6D13BCF9-34F8-4704-8150-DB52CB5BF0AE}"
EndProject
Global
	GlobalSection(SolutionConfigurationPlatforms) = preSolution
		Debug|Any CPU = Debug|Any CPU
		Release|Any CPU = Release|Any CPU
	EndGlobalSection
	GlobalSection(SolutionProperties) = preSolution
		HideSolutionNode = FALSE
	EndGlobalSection
	GlobalSection(ProjectConfigurationPlatforms) = postSolution
		{97C2E9EB-635A-4221-A831-B5BBEF134931}.Debug|Any CPU.ActiveCfg = Debug|Any CPU
		{97C2E9EB-635A-4221-A831-B5BBEF134931}.Debug|Any CPU.Build.0 = Debug|Any CPU
		{97C2E9EB-635A-4221-A831-B5BBEF134931}.Release|Any CPU.ActiveCfg = Release|Any CPU
		{97C2E9EB-635A-4221-A831-B5BBEF134931}.Release|Any CPU.Build.0 = Release|Any CPU
		{6D13BCF9-34F8-4704-8150-DB52CB5BF0AE}.Debug|Any CPU.ActiveCfg = Debug|Any CPU
		{6D13BCF9-34F8-4704-8150-DB52CB5BF0AE}.Debug|Any CPU.Build.0 = Debug|Any CPU
		{6D13BCF9-34F8-4704-8150-DB52CB5BF0AE}.Release|Any CPU.ActiveCfg = Release|Any CPU
		{6D13BCF9-34F8-4704-8150-DB52CB5BF0AE}.Release|Any CPU.Build.0 = Release|Any CPU
	EndGlobalSection
	GlobalSection(NestedProjects) = preSolution
		{97C2E9EB-635A-4221-A831-B5BBEF134931} = {4D4DD5D7-642F-45FC-B3F8-0B9514866972}
		{6D13BCF9-34F8-4704-8150-DB52CB5BF0AE} = {6B882D0B-44E8-40D8-B701-CB69D68F2C99}
	EndGlobalSection
EndGlobal
