
Microsoft Visual Studio Solution File, Format Version 12.00
# Visual Studio Version 16
VisualStudioVersion = 16.0.30114.105
MinimumVisualStudioVersion = 10.0.40219.1
Project("{2150E333-8FDC-42A3-9474-1A3956D46DE8}") = "src", "src", "{1B368DC8-C539-4730-BCA7-18A118809BFD}"
EndProject
Project("{FAE04EC0-301F-11D3-BF4B-00C04F79EFBC}") = "SumOfPositive", "src\SumOfPositive\SumOfPositive.csproj", "{155E8A46-F6CD-49FB-89A3-C1BFFAC57791}"
EndProject
Project("{2150E333-8FDC-42A3-9474-1A3956D46DE8}") = "tests", "tests", "{D1DAFD32-BC64-4708-941D-B31153F1C271}"
EndProject
Project("{FAE04EC0-301F-11D3-BF4B-00C04F79EFBC}") = "SumOfPositiveTests", "tests\SumOfPositiveTests\SumOfPositiveTests.csproj", "{804E7803-EC48-4658-987F-D6373AC7BAE5}"
EndProject
Global
	GlobalSection(SolutionConfigurationPlatforms) = preSolution
		Debug|Any CPU = Debug|Any CPU
		Release|Any CPU = Release|Any CPU
	EndGlobalSection
	GlobalSection(SolutionProperties) = preSolution
		HideSolutionNode = FALSE
	EndGlobalSection
	GlobalSection(ProjectConfigurationPlatforms) = postSolution
		{155E8A46-F6CD-49FB-89A3-C1BFFAC57791}.Debug|Any CPU.ActiveCfg = Debug|Any CPU
		{155E8A46-F6CD-49FB-89A3-C1BFFAC57791}.Debug|Any CPU.Build.0 = Debug|Any CPU
		{155E8A46-F6CD-49FB-89A3-C1BFFAC57791}.Release|Any CPU.ActiveCfg = Release|Any CPU
		{155E8A46-F6CD-49FB-89A3-C1BFFAC57791}.Release|Any CPU.Build.0 = Release|Any CPU
		{804E7803-EC48-4658-987F-D6373AC7BAE5}.Debug|Any CPU.ActiveCfg = Debug|Any CPU
		{804E7803-EC48-4658-987F-D6373AC7BAE5}.Debug|Any CPU.Build.0 = Debug|Any CPU
		{804E7803-EC48-4658-987F-D6373AC7BAE5}.Release|Any CPU.ActiveCfg = Release|Any CPU
		{804E7803-EC48-4658-987F-D6373AC7BAE5}.Release|Any CPU.Build.0 = Release|Any CPU
	EndGlobalSection
	GlobalSection(NestedProjects) = preSolution
		{155E8A46-F6CD-49FB-89A3-C1BFFAC57791} = {1B368DC8-C539-4730-BCA7-18A118809BFD}
		{804E7803-EC48-4658-987F-D6373AC7BAE5} = {D1DAFD32-BC64-4708-941D-B31153F1C271}
	EndGlobalSection
EndGlobal
