
Microsoft Visual Studio Solution File, Format Version 12.00
# Visual Studio Version 16
VisualStudioVersion = 16.0.30114.105
MinimumVisualStudioVersion = 10.0.40219.1
Project("{2150E333-8FDC-42A3-9474-1A3956D46DE8}") = "src", "src", "{ADEC9376-836C-401C-8A00-D805B13FDB1C}"
EndProject
Project("{FAE04EC0-301F-11D3-BF4B-00C04F79EFBC}") = "PrintTestCase", "src\PrintTestCase\PrintTestCase.csproj", "{C47EFF6B-91AD-4D9C-801D-E8BE11A89FB9}"
EndProject
Project("{2150E333-8FDC-42A3-9474-1A3956D46DE8}") = "tests", "tests", "{D2FF7AC3-61DA-43D2-8941-46B49754FF64}"
EndProject
Project("{FAE04EC0-301F-11D3-BF4B-00C04F79EFBC}") = "PrintTestCaseTest", "tests\PrintTestCaseTest\PrintTestCaseTest.csproj", "{64E983BC-0382-477B-A4E7-424D505D3F64}"
EndProject
Global
	GlobalSection(SolutionConfigurationPlatforms) = preSolution
		Debug|Any CPU = Debug|Any CPU
		Release|Any CPU = Release|Any CPU
	EndGlobalSection
	GlobalSection(SolutionProperties) = preSolution
		HideSolutionNode = FALSE
	EndGlobalSection
	GlobalSection(ProjectConfigurationPlatforms) = postSolution
		{C47EFF6B-91AD-4D9C-801D-E8BE11A89FB9}.Debug|Any CPU.ActiveCfg = Debug|Any CPU
		{C47EFF6B-91AD-4D9C-801D-E8BE11A89FB9}.Debug|Any CPU.Build.0 = Debug|Any CPU
		{C47EFF6B-91AD-4D9C-801D-E8BE11A89FB9}.Release|Any CPU.ActiveCfg = Release|Any CPU
		{C47EFF6B-91AD-4D9C-801D-E8BE11A89FB9}.Release|Any CPU.Build.0 = Release|Any CPU
		{64E983BC-0382-477B-A4E7-424D505D3F64}.Debug|Any CPU.ActiveCfg = Debug|Any CPU
		{64E983BC-0382-477B-A4E7-424D505D3F64}.Debug|Any CPU.Build.0 = Debug|Any CPU
		{64E983BC-0382-477B-A4E7-424D505D3F64}.Release|Any CPU.ActiveCfg = Release|Any CPU
		{64E983BC-0382-477B-A4E7-424D505D3F64}.Release|Any CPU.Build.0 = Release|Any CPU
	EndGlobalSection
	GlobalSection(NestedProjects) = preSolution
		{C47EFF6B-91AD-4D9C-801D-E8BE11A89FB9} = {ADEC9376-836C-401C-8A00-D805B13FDB1C}
		{64E983BC-0382-477B-A4E7-424D505D3F64} = {D2FF7AC3-61DA-43D2-8941-46B49754FF64}
	EndGlobalSection
EndGlobal
