
Microsoft Visual Studio Solution File, Format Version 12.00
# Visual Studio Version 16
VisualStudioVersion = 16.0.30114.105
MinimumVisualStudioVersion = 10.0.40219.1
Project("{2150E333-8FDC-42A3-9474-1A3956D46DE8}") = "src", "src", "{39BDE797-D72F-4BBC-9F92-24F24BA0C6B9}"
EndProject
Project("{FAE04EC0-301F-11D3-BF4B-00C04F79EFBC}") = "RemoveFirstAndLastCharacter", "src\RemoveFirstAndLastCharacter\RemoveFirstAndLastCharacter.csproj", "{411A5B76-8280-4988-8CAA-2A87BB415054}"
EndProject
Project("{2150E333-8FDC-42A3-9474-1A3956D46DE8}") = "tests", "tests", "{AAD51AE6-5C9B-4319-ACF5-700D9637AD89}"
EndProject
Project("{FAE04EC0-301F-11D3-BF4B-00C04F79EFBC}") = "RemoveFirstAndLastCharacterTests", "tests\RemoveFirstAndLastCharacterTests\RemoveFirstAndLastCharacterTests.csproj", "{BC4A3320-E6B0-4204-A4A7-D4EC76FF5A7E}"
EndProject
Global
	GlobalSection(SolutionConfigurationPlatforms) = preSolution
		Debug|Any CPU = Debug|Any CPU
		Release|Any CPU = Release|Any CPU
	EndGlobalSection
	GlobalSection(SolutionProperties) = preSolution
		HideSolutionNode = FALSE
	EndGlobalSection
	GlobalSection(ProjectConfigurationPlatforms) = postSolution
		{411A5B76-8280-4988-8CAA-2A87BB415054}.Debug|Any CPU.ActiveCfg = Debug|Any CPU
		{411A5B76-8280-4988-8CAA-2A87BB415054}.Debug|Any CPU.Build.0 = Debug|Any CPU
		{411A5B76-8280-4988-8CAA-2A87BB415054}.Release|Any CPU.ActiveCfg = Release|Any CPU
		{411A5B76-8280-4988-8CAA-2A87BB415054}.Release|Any CPU.Build.0 = Release|Any CPU
		{BC4A3320-E6B0-4204-A4A7-D4EC76FF5A7E}.Debug|Any CPU.ActiveCfg = Debug|Any CPU
		{BC4A3320-E6B0-4204-A4A7-D4EC76FF5A7E}.Debug|Any CPU.Build.0 = Debug|Any CPU
		{BC4A3320-E6B0-4204-A4A7-D4EC76FF5A7E}.Release|Any CPU.ActiveCfg = Release|Any CPU
		{BC4A3320-E6B0-4204-A4A7-D4EC76FF5A7E}.Release|Any CPU.Build.0 = Release|Any CPU
	EndGlobalSection
	GlobalSection(NestedProjects) = preSolution
		{411A5B76-8280-4988-8CAA-2A87BB415054} = {39BDE797-D72F-4BBC-9F92-24F24BA0C6B9}
		{BC4A3320-E6B0-4204-A4A7-D4EC76FF5A7E} = {AAD51AE6-5C9B-4319-ACF5-700D9637AD89}
	EndGlobalSection
EndGlobal
