
Microsoft Visual Studio Solution File, Format Version 12.00
# Visual Studio Version 16
VisualStudioVersion = 16.0.30114.105
MinimumVisualStudioVersion = 10.0.40219.1
Project("{FAE04EC0-301F-11D3-BF4B-00C04F79EFBC}") = "PrimeNumbers", "PrimeNumbers\PrimeNumbers.csproj", "{63B340AC-442B-4F5C-8E82-D4A3C91AD7B9}"
EndProject
Project("{FAE04EC0-301F-11D3-BF4B-00C04F79EFBC}") = "PrimeNumbersTest", "PrimeNumbersTest\PrimeNumbersTest.csproj", "{26DDCCDA-C463-420A-8EF7-56CFDD584116}"
EndProject
Global
	GlobalSection(SolutionConfigurationPlatforms) = preSolution
		Debug|Any CPU = Debug|Any CPU
		Release|Any CPU = Release|Any CPU
	EndGlobalSection
	GlobalSection(SolutionProperties) = preSolution
		HideSolutionNode = FALSE
	EndGlobalSection
	GlobalSection(ProjectConfigurationPlatforms) = postSolution
		{63B340AC-442B-4F5C-8E82-D4A3C91AD7B9}.Debug|Any CPU.ActiveCfg = Debug|Any CPU
		{63B340AC-442B-4F5C-8E82-D4A3C91AD7B9}.Debug|Any CPU.Build.0 = Debug|Any CPU
		{63B340AC-442B-4F5C-8E82-D4A3C91AD7B9}.Release|Any CPU.ActiveCfg = Release|Any CPU
		{63B340AC-442B-4F5C-8E82-D4A3C91AD7B9}.Release|Any CPU.Build.0 = Release|Any CPU
		{26DDCCDA-C463-420A-8EF7-56CFDD584116}.Debug|Any CPU.ActiveCfg = Debug|Any CPU
		{26DDCCDA-C463-420A-8EF7-56CFDD584116}.Debug|Any CPU.Build.0 = Debug|Any CPU
		{26DDCCDA-C463-420A-8EF7-56CFDD584116}.Release|Any CPU.ActiveCfg = Release|Any CPU
		{26DDCCDA-C463-420A-8EF7-56CFDD584116}.Release|Any CPU.Build.0 = Release|Any CPU
	EndGlobalSection
EndGlobal
