
Microsoft Visual Studio Solution File, Format Version 12.00
# Visual Studio Version 16
VisualStudioVersion = 16.0.30114.105
MinimumVisualStudioVersion = 10.0.40219.1
Project("{2150E333-8FDC-42A3-9474-1A3956D46DE8}") = "src", "src", "{A6908252-E888-4BD1-A0B0-7C1CA5EE8805}"
EndProject
Project("{FAE04EC0-301F-11D3-BF4B-00C04F79EFBC}") = "SwappingTwoNumbers", "src\SwappingTwoNumbers\SwappingTwoNumbers.csproj", "{F17CB26A-B490-4E5C-8CD6-76E33C86935D}"
EndProject
Project("{2150E333-8FDC-42A3-9474-1A3956D46DE8}") = "tests", "tests", "{E68B35B8-447F-45DD-8776-65D89FE5C62E}"
EndProject
Project("{FAE04EC0-301F-11D3-BF4B-00C04F79EFBC}") = "SwappingTwoNumbersTest", "tests\SwappingTwoNumbersTest\SwappingTwoNumbersTest.csproj", "{332F7C86-EE80-45F3-B2F0-495405178129}"
EndProject
Global
	GlobalSection(SolutionConfigurationPlatforms) = preSolution
		Debug|Any CPU = Debug|Any CPU
		Release|Any CPU = Release|Any CPU
	EndGlobalSection
	GlobalSection(SolutionProperties) = preSolution
		HideSolutionNode = FALSE
	EndGlobalSection
	GlobalSection(ProjectConfigurationPlatforms) = postSolution
		{F17CB26A-B490-4E5C-8CD6-76E33C86935D}.Debug|Any CPU.ActiveCfg = Debug|Any CPU
		{F17CB26A-B490-4E5C-8CD6-76E33C86935D}.Debug|Any CPU.Build.0 = Debug|Any CPU
		{F17CB26A-B490-4E5C-8CD6-76E33C86935D}.Release|Any CPU.ActiveCfg = Release|Any CPU
		{F17CB26A-B490-4E5C-8CD6-76E33C86935D}.Release|Any CPU.Build.0 = Release|Any CPU
		{332F7C86-EE80-45F3-B2F0-495405178129}.Debug|Any CPU.ActiveCfg = Debug|Any CPU
		{332F7C86-EE80-45F3-B2F0-495405178129}.Debug|Any CPU.Build.0 = Debug|Any CPU
		{332F7C86-EE80-45F3-B2F0-495405178129}.Release|Any CPU.ActiveCfg = Release|Any CPU
		{332F7C86-EE80-45F3-B2F0-495405178129}.Release|Any CPU.Build.0 = Release|Any CPU
	EndGlobalSection
	GlobalSection(NestedProjects) = preSolution
		{F17CB26A-B490-4E5C-8CD6-76E33C86935D} = {A6908252-E888-4BD1-A0B0-7C1CA5EE8805}
		{332F7C86-EE80-45F3-B2F0-495405178129} = {E68B35B8-447F-45DD-8776-65D89FE5C62E}
	EndGlobalSection
EndGlobal
